
Microsoft Visual Studio Solution File, Format Version 12.00
Project("{FAE04EC0-301F-11D3-BF4B-00C04F79EFBC}") = "zapsi_service_optimont_importer", "zapsi_service_optimont_importer\zapsi_service_optimont_importer.csproj", "{145BC4C5-27ED-42CF-B67A-DDAB1DEAC5DA}"
EndProject
Global
	GlobalSection(SolutionConfigurationPlatforms) = preSolution
		Debug|Any CPU = Debug|Any CPU
		Release|Any CPU = Release|Any CPU
	EndGlobalSection
	GlobalSection(ProjectConfigurationPlatforms) = postSolution
		{145BC4C5-27ED-42CF-B67A-DDAB1DEAC5DA}.Debug|Any CPU.ActiveCfg = Debug|Any CPU
		{145BC4C5-27ED-42CF-B67A-DDAB1DEAC5DA}.Debug|Any CPU.Build.0 = Debug|Any CPU
		{145BC4C5-27ED-42CF-B67A-DDAB1DEAC5DA}.Release|Any CPU.ActiveCfg = Release|Any CPU
		{145BC4C5-27ED-42CF-B67A-DDAB1DEAC5DA}.Release|Any CPU.Build.0 = Release|Any CPU
	EndGlobalSection
EndGlobal
